
Microsoft Visual Studio Solution File, Format Version 12.00
# Visual Studio 15
VisualStudioVersion = 15.0.28307.168
MinimumVisualStudioVersion = 10.0.40219.1
Project("{FAE04EC0-301F-11D3-BF4B-00C04F79EFBC}") = "SatUI", "SatUI\SatUI.csproj", "{018CA898-8430-42AD-83FD-A0DCE47EC0B7}"
EndProject
Project("{FAE04EC0-301F-11D3-BF4B-00C04F79EFBC}") = "SatCore", "SatCore\SatCore.csproj", "{0C1E9FAA-17A9-48C5-B3A5-E1CAA344333A}"
EndProject
Project("{FAE04EC0-301F-11D3-BF4B-00C04F79EFBC}") = "SatPlayer", "SatPlayer\SatPlayer.csproj", "{0E108C70-5CDE-49FF-8217-96A498C8E2BB}"
EndProject
Project("{FAE04EC0-301F-11D3-BF4B-00C04F79EFBC}") = "BaseComponent", "BaseComponent\BaseComponent\BaseComponent.csproj", "{5E96B148-501F-48D1-B996-0DCE73A323C9}"
EndProject
Project("{FAE04EC0-301F-11D3-BF4B-00C04F79EFBC}") = "SatIO", "SatIO\SatIO.csproj", "{6B7E4F63-C309-497C-8C8A-092EB424EBBA}"
EndProject
Project("{FAE04EC0-301F-11D3-BF4B-00C04F79EFBC}") = "AltseedScript", "AltseedScript\AltseedScript.csproj", "{26D7E1F6-C8F8-4FA1-A6F9-DB2816B4A0CB}"
EndProject
Project("{D954291E-2A0B-460D-934E-DC6B0785DB48}") = "SatScript", "SatScript\SatScript.shproj", "{A6F1488E-595A-4B3F-A7D5-EA309DCBD785}"
EndProject
Global
	GlobalSection(SharedMSBuildProjectFiles) = preSolution
		SatScript\SatScript.projitems*{0e108c70-5cde-49ff-8217-96a498c8e2bb}*SharedItemsImports = 4
		SatScript\SatScript.projitems*{a6f1488e-595a-4b3f-a7d5-ea309dcbd785}*SharedItemsImports = 13
	EndGlobalSection
	GlobalSection(SolutionConfigurationPlatforms) = preSolution
		Debug|Any CPU = Debug|Any CPU
		Debug|x86 = Debug|x86
		Release|Any CPU = Release|Any CPU
		Release|x86 = Release|x86
	EndGlobalSection
	GlobalSection(ProjectConfigurationPlatforms) = postSolution
		{018CA898-8430-42AD-83FD-A0DCE47EC0B7}.Debug|Any CPU.ActiveCfg = Debug|x86
		{018CA898-8430-42AD-83FD-A0DCE47EC0B7}.Debug|x86.ActiveCfg = Debug|x86
		{018CA898-8430-42AD-83FD-A0DCE47EC0B7}.Debug|x86.Build.0 = Debug|x86
		{018CA898-8430-42AD-83FD-A0DCE47EC0B7}.Release|Any CPU.ActiveCfg = Release|x86
		{018CA898-8430-42AD-83FD-A0DCE47EC0B7}.Release|x86.ActiveCfg = Release|x86
		{018CA898-8430-42AD-83FD-A0DCE47EC0B7}.Release|x86.Build.0 = Release|x86
		{0C1E9FAA-17A9-48C5-B3A5-E1CAA344333A}.Debug|Any CPU.ActiveCfg = Debug|x86
		{0C1E9FAA-17A9-48C5-B3A5-E1CAA344333A}.Debug|x86.ActiveCfg = Debug|x86
		{0C1E9FAA-17A9-48C5-B3A5-E1CAA344333A}.Debug|x86.Build.0 = Debug|x86
		{0C1E9FAA-17A9-48C5-B3A5-E1CAA344333A}.Release|Any CPU.ActiveCfg = Release|x86
		{0C1E9FAA-17A9-48C5-B3A5-E1CAA344333A}.Release|x86.ActiveCfg = Release|x86
		{0C1E9FAA-17A9-48C5-B3A5-E1CAA344333A}.Release|x86.Build.0 = Release|x86
		{0E108C70-5CDE-49FF-8217-96A498C8E2BB}.Debug|Any CPU.ActiveCfg = Debug|x86
		{0E108C70-5CDE-49FF-8217-96A498C8E2BB}.Debug|x86.ActiveCfg = Debug|x86
		{0E108C70-5CDE-49FF-8217-96A498C8E2BB}.Debug|x86.Build.0 = Debug|x86
		{0E108C70-5CDE-49FF-8217-96A498C8E2BB}.Release|Any CPU.ActiveCfg = Release|x86
		{0E108C70-5CDE-49FF-8217-96A498C8E2BB}.Release|x86.ActiveCfg = Release|x86
		{0E108C70-5CDE-49FF-8217-96A498C8E2BB}.Release|x86.Build.0 = Release|x86
		{5E96B148-501F-48D1-B996-0DCE73A323C9}.Debug|Any CPU.ActiveCfg = Debug|x86
		{5E96B148-501F-48D1-B996-0DCE73A323C9}.Debug|x86.ActiveCfg = Debug|x86
		{5E96B148-501F-48D1-B996-0DCE73A323C9}.Debug|x86.Build.0 = Debug|x86
		{5E96B148-501F-48D1-B996-0DCE73A323C9}.Release|Any CPU.ActiveCfg = Release|x86
		{5E96B148-501F-48D1-B996-0DCE73A323C9}.Release|x86.ActiveCfg = Release|x86
		{5E96B148-501F-48D1-B996-0DCE73A323C9}.Release|x86.Build.0 = Release|x86
		{6B7E4F63-C309-497C-8C8A-092EB424EBBA}.Debug|Any CPU.ActiveCfg = Debug|x86
		{6B7E4F63-C309-497C-8C8A-092EB424EBBA}.Debug|x86.ActiveCfg = Debug|x86
		{6B7E4F63-C309-497C-8C8A-092EB424EBBA}.Debug|x86.Build.0 = Debug|x86
		{6B7E4F63-C309-497C-8C8A-092EB424EBBA}.Release|Any CPU.ActiveCfg = Release|x86
		{6B7E4F63-C309-497C-8C8A-092EB424EBBA}.Release|x86.ActiveCfg = Release|x86
		{6B7E4F63-C309-497C-8C8A-092EB424EBBA}.Release|x86.Build.0 = Release|x86
		{26D7E1F6-C8F8-4FA1-A6F9-DB2816B4A0CB}.Debug|Any CPU.ActiveCfg = Debug|Any CPU
		{26D7E1F6-C8F8-4FA1-A6F9-DB2816B4A0CB}.Debug|Any CPU.Build.0 = Debug|Any CPU
		{26D7E1F6-C8F8-4FA1-A6F9-DB2816B4A0CB}.Debug|x86.ActiveCfg = Debug|Any CPU
		{26D7E1F6-C8F8-4FA1-A6F9-DB2816B4A0CB}.Debug|x86.Build.0 = Debug|Any CPU
		{26D7E1F6-C8F8-4FA1-A6F9-DB2816B4A0CB}.Release|Any CPU.ActiveCfg = Release|Any CPU
		{26D7E1F6-C8F8-4FA1-A6F9-DB2816B4A0CB}.Release|Any CPU.Build.0 = Release|Any CPU
		{26D7E1F6-C8F8-4FA1-A6F9-DB2816B4A0CB}.Release|x86.ActiveCfg = Release|Any CPU
		{26D7E1F6-C8F8-4FA1-A6F9-DB2816B4A0CB}.Release|x86.Build.0 = Release|Any CPU
	EndGlobalSection
	GlobalSection(SolutionProperties) = preSolution
		HideSolutionNode = FALSE
	EndGlobalSection
	GlobalSection(ExtensibilityGlobals) = postSolution
		SolutionGuid = {9533E04E-1360-4FAB-8C82-B4D7D73A19AA}
	EndGlobalSection
EndGlobal
